
Microsoft Visual Studio Solution File, Format Version 12.00
# Visual Studio Version 17
VisualStudioVersion = 17.5.002.0
MinimumVisualStudioVersion = 10.0.40219.1
Project("{9A19103F-16F7-4668-BE54-9A1E7A4F7556}") = "asp", "asp.csproj", "{D56A423A-A007-4017-81F9-8046F16F6FEA}"
EndProject
Global
	GlobalSection(SolutionConfigurationPlatforms) = preSolution
		Debug|Any CPU = Debug|Any CPU
		Release|Any CPU = Release|Any CPU
	EndGlobalSection
	GlobalSection(ProjectConfigurationPlatforms) = postSolution
		{D56A423A-A007-4017-81F9-8046F16F6FEA}.Debug|Any CPU.ActiveCfg = Debug|Any CPU
		{D56A423A-A007-4017-81F9-8046F16F6FEA}.Debug|Any CPU.Build.0 = Debug|Any CPU
		{D56A423A-A007-4017-81F9-8046F16F6FEA}.Release|Any CPU.ActiveCfg = Release|Any CPU
		{D56A423A-A007-4017-81F9-8046F16F6FEA}.Release|Any CPU.Build.0 = Release|Any CPU
	EndGlobalSection
	GlobalSection(SolutionProperties) = preSolution
		HideSolutionNode = FALSE
	EndGlobalSection
	GlobalSection(ExtensibilityGlobals) = postSolution
		SolutionGuid = {A07475C5-2087-47D4-B273-9794E9D1180D}
	EndGlobalSection
EndGlobal
